
Microsoft Visual Studio Solution File, Format Version 12.00
# Visual Studio Version 16
VisualStudioVersion = 16.0.30523.141
MinimumVisualStudioVersion = 10.0.40219.1
Project("{FAE04EC0-301F-11D3-BF4B-00C04F79EFBC}") = "WebApplication1", "WebApplication1.csproj", "{28275AFC-3652-4717-85ED-91317136AF3B}"
EndProject
Global
	GlobalSection(SolutionConfigurationPlatforms) = preSolution
		Debug|Any CPU = Debug|Any CPU
		Release|Any CPU = Release|Any CPU
	EndGlobalSection
	GlobalSection(ProjectConfigurationPlatforms) = postSolution
		{28275AFC-3652-4717-85ED-91317136AF3B}.Debug|Any CPU.ActiveCfg = Debug|Any CPU
		{28275AFC-3652-4717-85ED-91317136AF3B}.Debug|Any CPU.Build.0 = Debug|Any CPU
		{28275AFC-3652-4717-85ED-91317136AF3B}.Release|Any CPU.ActiveCfg = Release|Any CPU
		{28275AFC-3652-4717-85ED-91317136AF3B}.Release|Any CPU.Build.0 = Release|Any CPU
	EndGlobalSection
	GlobalSection(SolutionProperties) = preSolution
		HideSolutionNode = FALSE
	EndGlobalSection
	GlobalSection(ExtensibilityGlobals) = postSolution
		SolutionGuid = {40717FAD-C04A-415F-9BFB-1F6ACB64D0DE}
	EndGlobalSection
EndGlobal
